
Microsoft Visual Studio Solution File, Format Version 12.00
# Visual Studio Version 16
VisualStudioVersion = 16.0.31624.102
MinimumVisualStudioVersion = 10.0.40219.1
Project("{FAE04EC0-301F-11D3-BF4B-00C04F79EFBC}") = "EmpConsoleApp", "EmpConsoleApp\EmpConsoleApp.csproj", "{8360893D-18C4-43A7-97AF-08FC2DFA8952}"
EndProject
Project("{FAE04EC0-301F-11D3-BF4B-00C04F79EFBC}") = "Emp_DAL_Layer", "Emp_DAL_Layer\Emp_DAL_Layer.csproj", "{F7708B07-1238-41B7-9941-ECD69292F76F}"
EndProject
Project("{FAE04EC0-301F-11D3-BF4B-00C04F79EFBC}") = "Emp_Service", "Emp_Service\Emp_Service.csproj", "{549D3B06-107F-4C67-AF5A-DD1631565797}"
EndProject
Global
	GlobalSection(SolutionConfigurationPlatforms) = preSolution
		Debug|Any CPU = Debug|Any CPU
		Release|Any CPU = Release|Any CPU
	EndGlobalSection
	GlobalSection(ProjectConfigurationPlatforms) = postSolution
		{8360893D-18C4-43A7-97AF-08FC2DFA8952}.Debug|Any CPU.ActiveCfg = Debug|Any CPU
		{8360893D-18C4-43A7-97AF-08FC2DFA8952}.Debug|Any CPU.Build.0 = Debug|Any CPU
		{8360893D-18C4-43A7-97AF-08FC2DFA8952}.Release|Any CPU.ActiveCfg = Release|Any CPU
		{8360893D-18C4-43A7-97AF-08FC2DFA8952}.Release|Any CPU.Build.0 = Release|Any CPU
		{F7708B07-1238-41B7-9941-ECD69292F76F}.Debug|Any CPU.ActiveCfg = Debug|Any CPU
		{F7708B07-1238-41B7-9941-ECD69292F76F}.Debug|Any CPU.Build.0 = Debug|Any CPU
		{F7708B07-1238-41B7-9941-ECD69292F76F}.Release|Any CPU.ActiveCfg = Release|Any CPU
		{F7708B07-1238-41B7-9941-ECD69292F76F}.Release|Any CPU.Build.0 = Release|Any CPU
		{549D3B06-107F-4C67-AF5A-DD1631565797}.Debug|Any CPU.ActiveCfg = Debug|Any CPU
		{549D3B06-107F-4C67-AF5A-DD1631565797}.Debug|Any CPU.Build.0 = Debug|Any CPU
		{549D3B06-107F-4C67-AF5A-DD1631565797}.Release|Any CPU.ActiveCfg = Release|Any CPU
		{549D3B06-107F-4C67-AF5A-DD1631565797}.Release|Any CPU.Build.0 = Release|Any CPU
	EndGlobalSection
	GlobalSection(SolutionProperties) = preSolution
		HideSolutionNode = FALSE
	EndGlobalSection
	GlobalSection(ExtensibilityGlobals) = postSolution
		SolutionGuid = {0D7A56A3-40EB-4667-AD05-D1C7B0B60D77}
	EndGlobalSection
EndGlobal
